{
  "originHash" : "97dea62488f173a2f7fd634c870f1de1c5a4c875120cb1a52106c5b908f627f7",
  "pins" : [
    {
      "identity" : "di",
      "kind" : "remoteSourceControl",
      "location" : "git@github.com:AlexanderKadyrov/DI.git",
      "state" : {
        "revision" : "dcb62f1cf93b5a8169c820082c5122ffaba556ef",
        "version" : "1.0.0"
      }
    }
  ],
  "version" : 3
}
